
Microsoft Visual Studio Solution File, Format Version 12.00
# Visual Studio Version 16
VisualStudioVersion = 16.0.30611.23
MinimumVisualStudioVersion = 10.0.40219.1
Project("{FAE04EC0-301F-11D3-BF4B-00C04F79EFBC}") = "ChainStoreTRPZ2Edition", "ChainStoreTRPZ2Edition\ChainStoreTRPZ2Edition.csproj", "{C0279A6B-1745-4041-A4C5-40F8584A96CA}"
EndProject
Global
	GlobalSection(SolutionConfigurationPlatforms) = preSolution
		Debug|Any CPU = Debug|Any CPU
		Release|Any CPU = Release|Any CPU
	EndGlobalSection
	GlobalSection(ProjectConfigurationPlatforms) = postSolution
		{C0279A6B-1745-4041-A4C5-40F8584A96CA}.Debug|Any CPU.ActiveCfg = Debug|Any CPU
		{C0279A6B-1745-4041-A4C5-40F8584A96CA}.Debug|Any CPU.Build.0 = Debug|Any CPU
		{C0279A6B-1745-4041-A4C5-40F8584A96CA}.Release|Any CPU.ActiveCfg = Release|Any CPU
		{C0279A6B-1745-4041-A4C5-40F8584A96CA}.Release|Any CPU.Build.0 = Release|Any CPU
	EndGlobalSection
	GlobalSection(SolutionProperties) = preSolution
		HideSolutionNode = FALSE
	EndGlobalSection
	GlobalSection(ExtensibilityGlobals) = postSolution
		SolutionGuid = {331CC07E-6532-4A62-AF1D-15BC9B74C816}
	EndGlobalSection
EndGlobal
